
Microsoft Visual Studio Solution File, Format Version 12.00
# Visual Studio Version 16
VisualStudioVersion = 16.0.32602.291
MinimumVisualStudioVersion = 10.0.40219.1
Project("{FAE04EC0-301F-11D3-BF4B-00C04F79EFBC}") = "NotaseMoedas", "NotaseMoedas\NotaseMoedas.csproj", "{A01C90ED-2996-4485-B632-A88238EB024D}"
EndProject
Global
	GlobalSection(SolutionConfigurationPlatforms) = preSolution
		Debug|Any CPU = Debug|Any CPU
		Release|Any CPU = Release|Any CPU
	EndGlobalSection
	GlobalSection(ProjectConfigurationPlatforms) = postSolution
		{A01C90ED-2996-4485-B632-A88238EB024D}.Debug|Any CPU.ActiveCfg = Debug|Any CPU
		{A01C90ED-2996-4485-B632-A88238EB024D}.Debug|Any CPU.Build.0 = Debug|Any CPU
		{A01C90ED-2996-4485-B632-A88238EB024D}.Release|Any CPU.ActiveCfg = Release|Any CPU
		{A01C90ED-2996-4485-B632-A88238EB024D}.Release|Any CPU.Build.0 = Release|Any CPU
	EndGlobalSection
	GlobalSection(SolutionProperties) = preSolution
		HideSolutionNode = FALSE
	EndGlobalSection
	GlobalSection(ExtensibilityGlobals) = postSolution
		SolutionGuid = {101AEC7A-5637-453D-A03B-E14D5862E832}
	EndGlobalSection
EndGlobal
